
Microsoft Visual Studio Solution File, Format Version 12.00
# Visual Studio Version 17
VisualStudioVersion = 17.4.33205.214
MinimumVisualStudioVersion = 10.0.40219.1
Project("{9A19103F-16F7-4668-BE54-9A1E7A4F7556}") = "app3", "app3\app3.csproj", "{478E5A18-243F-4347-8FA3-CDFC017E1CAE}"
EndProject
Project("{9A19103F-16F7-4668-BE54-9A1E7A4F7556}") = "app2", "app2\app2.csproj", "{BE71E9AE-F025-4648-AF0F-96F295FC8809}"
EndProject
Project("{9A19103F-16F7-4668-BE54-9A1E7A4F7556}") = "app1_dom", "app1_dom\app1_dom.csproj", "{B5BA95DB-8346-49C0-89F5-B2157C309595}"
EndProject
Project("{9A19103F-16F7-4668-BE54-9A1E7A4F7556}") = "app1", "app1\app1.csproj", "{D8F82DB8-091B-4F87-8D20-6E362698D8DC}"
EndProject
Project("{9A19103F-16F7-4668-BE54-9A1E7A4F7556}") = "FooBar", "FooBar\FooBar.csproj", "{C54C525F-E795-432D-81DD-FA32F86B0F50}"
EndProject
Project("{9A19103F-16F7-4668-BE54-9A1E7A4F7556}") = "Radiany", "Radiany\Radiany.csproj", "{0A7C2346-D7FD-46BA-BB65-6C1099F05CF6}"
EndProject
Project("{9A19103F-16F7-4668-BE54-9A1E7A4F7556}") = "Teksty", "Teksty\Teksty.csproj", "{AE351465-9BDF-4DE7-806A-38751C8C7D89}"
EndProject
Project("{9A19103F-16F7-4668-BE54-9A1E7A4F7556}") = "Figury", "Figury\Figury.csproj", "{5BEC8873-003B-4256-92A5-BA2AE404D169}"
EndProject
Project("{9A19103F-16F7-4668-BE54-9A1E7A4F7556}") = "IterRek", "IterRek\IterRek.csproj", "{3F508748-0D73-4EB1-A67C-574569C00D76}"
EndProject
Project("{9A19103F-16F7-4668-BE54-9A1E7A4F7556}") = "BreakContinue", "BreakContinue\BreakContinue.csproj", "{61F06144-C07B-443A-B682-095D1A27CA55}"
EndProject
Project("{9A19103F-16F7-4668-BE54-9A1E7A4F7556}") = "Wyjątki", "Wyjątki\Wyjątki.csproj", "{AABF1BE5-37F1-40A2-ADEA-4CEAC5C1F411}"
EndProject
Project("{FAE04EC0-301F-11D3-BF4B-00C04F79EFBC}") = "Obiektowosc", "Obiektowosc\Obiektowosc.csproj", "{EED5C59D-6F26-4950-839E-AA9FAA4662C6}"
EndProject
Global
	GlobalSection(SolutionConfigurationPlatforms) = preSolution
		Debug|Any CPU = Debug|Any CPU
		Release|Any CPU = Release|Any CPU
	EndGlobalSection
	GlobalSection(ProjectConfigurationPlatforms) = postSolution
		{478E5A18-243F-4347-8FA3-CDFC017E1CAE}.Debug|Any CPU.ActiveCfg = Debug|Any CPU
		{478E5A18-243F-4347-8FA3-CDFC017E1CAE}.Debug|Any CPU.Build.0 = Debug|Any CPU
		{478E5A18-243F-4347-8FA3-CDFC017E1CAE}.Release|Any CPU.ActiveCfg = Release|Any CPU
		{478E5A18-243F-4347-8FA3-CDFC017E1CAE}.Release|Any CPU.Build.0 = Release|Any CPU
		{BE71E9AE-F025-4648-AF0F-96F295FC8809}.Debug|Any CPU.ActiveCfg = Debug|Any CPU
		{BE71E9AE-F025-4648-AF0F-96F295FC8809}.Debug|Any CPU.Build.0 = Debug|Any CPU
		{BE71E9AE-F025-4648-AF0F-96F295FC8809}.Release|Any CPU.ActiveCfg = Release|Any CPU
		{BE71E9AE-F025-4648-AF0F-96F295FC8809}.Release|Any CPU.Build.0 = Release|Any CPU
		{B5BA95DB-8346-49C0-89F5-B2157C309595}.Debug|Any CPU.ActiveCfg = Debug|Any CPU
		{B5BA95DB-8346-49C0-89F5-B2157C309595}.Debug|Any CPU.Build.0 = Debug|Any CPU
		{B5BA95DB-8346-49C0-89F5-B2157C309595}.Release|Any CPU.ActiveCfg = Release|Any CPU
		{B5BA95DB-8346-49C0-89F5-B2157C309595}.Release|Any CPU.Build.0 = Release|Any CPU
		{D8F82DB8-091B-4F87-8D20-6E362698D8DC}.Debug|Any CPU.ActiveCfg = Debug|Any CPU
		{D8F82DB8-091B-4F87-8D20-6E362698D8DC}.Debug|Any CPU.Build.0 = Debug|Any CPU
		{D8F82DB8-091B-4F87-8D20-6E362698D8DC}.Release|Any CPU.ActiveCfg = Release|Any CPU
		{D8F82DB8-091B-4F87-8D20-6E362698D8DC}.Release|Any CPU.Build.0 = Release|Any CPU
		{C54C525F-E795-432D-81DD-FA32F86B0F50}.Debug|Any CPU.ActiveCfg = Debug|Any CPU
		{C54C525F-E795-432D-81DD-FA32F86B0F50}.Debug|Any CPU.Build.0 = Debug|Any CPU
		{C54C525F-E795-432D-81DD-FA32F86B0F50}.Release|Any CPU.ActiveCfg = Release|Any CPU
		{C54C525F-E795-432D-81DD-FA32F86B0F50}.Release|Any CPU.Build.0 = Release|Any CPU
		{0A7C2346-D7FD-46BA-BB65-6C1099F05CF6}.Debug|Any CPU.ActiveCfg = Debug|Any CPU
		{0A7C2346-D7FD-46BA-BB65-6C1099F05CF6}.Debug|Any CPU.Build.0 = Debug|Any CPU
		{0A7C2346-D7FD-46BA-BB65-6C1099F05CF6}.Release|Any CPU.ActiveCfg = Release|Any CPU
		{0A7C2346-D7FD-46BA-BB65-6C1099F05CF6}.Release|Any CPU.Build.0 = Release|Any CPU
		{AE351465-9BDF-4DE7-806A-38751C8C7D89}.Debug|Any CPU.ActiveCfg = Debug|Any CPU
		{AE351465-9BDF-4DE7-806A-38751C8C7D89}.Debug|Any CPU.Build.0 = Debug|Any CPU
		{AE351465-9BDF-4DE7-806A-38751C8C7D89}.Release|Any CPU.ActiveCfg = Release|Any CPU
		{AE351465-9BDF-4DE7-806A-38751C8C7D89}.Release|Any CPU.Build.0 = Release|Any CPU
		{5BEC8873-003B-4256-92A5-BA2AE404D169}.Debug|Any CPU.ActiveCfg = Debug|Any CPU
		{5BEC8873-003B-4256-92A5-BA2AE404D169}.Debug|Any CPU.Build.0 = Debug|Any CPU
		{5BEC8873-003B-4256-92A5-BA2AE404D169}.Release|Any CPU.ActiveCfg = Release|Any CPU
		{5BEC8873-003B-4256-92A5-BA2AE404D169}.Release|Any CPU.Build.0 = Release|Any CPU
		{3F508748-0D73-4EB1-A67C-574569C00D76}.Debug|Any CPU.ActiveCfg = Debug|Any CPU
		{3F508748-0D73-4EB1-A67C-574569C00D76}.Debug|Any CPU.Build.0 = Debug|Any CPU
		{3F508748-0D73-4EB1-A67C-574569C00D76}.Release|Any CPU.ActiveCfg = Release|Any CPU
		{3F508748-0D73-4EB1-A67C-574569C00D76}.Release|Any CPU.Build.0 = Release|Any CPU
		{61F06144-C07B-443A-B682-095D1A27CA55}.Debug|Any CPU.ActiveCfg = Debug|Any CPU
		{61F06144-C07B-443A-B682-095D1A27CA55}.Debug|Any CPU.Build.0 = Debug|Any CPU
		{61F06144-C07B-443A-B682-095D1A27CA55}.Release|Any CPU.ActiveCfg = Release|Any CPU
		{61F06144-C07B-443A-B682-095D1A27CA55}.Release|Any CPU.Build.0 = Release|Any CPU
		{AABF1BE5-37F1-40A2-ADEA-4CEAC5C1F411}.Debug|Any CPU.ActiveCfg = Debug|Any CPU
		{AABF1BE5-37F1-40A2-ADEA-4CEAC5C1F411}.Debug|Any CPU.Build.0 = Debug|Any CPU
		{AABF1BE5-37F1-40A2-ADEA-4CEAC5C1F411}.Release|Any CPU.ActiveCfg = Release|Any CPU
		{AABF1BE5-37F1-40A2-ADEA-4CEAC5C1F411}.Release|Any CPU.Build.0 = Release|Any CPU
		{EED5C59D-6F26-4950-839E-AA9FAA4662C6}.Debug|Any CPU.ActiveCfg = Debug|Any CPU
		{EED5C59D-6F26-4950-839E-AA9FAA4662C6}.Debug|Any CPU.Build.0 = Debug|Any CPU
		{EED5C59D-6F26-4950-839E-AA9FAA4662C6}.Release|Any CPU.ActiveCfg = Release|Any CPU
		{EED5C59D-6F26-4950-839E-AA9FAA4662C6}.Release|Any CPU.Build.0 = Release|Any CPU
	EndGlobalSection
	GlobalSection(SolutionProperties) = preSolution
		HideSolutionNode = FALSE
	EndGlobalSection
	GlobalSection(ExtensibilityGlobals) = postSolution
		SolutionGuid = {E0736FA2-47C4-4E3E-8DEE-CAFED313B58D}
	EndGlobalSection
EndGlobal
